{
  "name": "lorem-gibson-generator",
  "version": "1.0.0",
  "lockfileVersion": 3,
  "requires": true,
  "packages": {
    "": {
      "name": "lorem-gibson-generator",
      "version": "1.0.0",
      "license": "MIT",
      "workspaces": [
        "packages/*"
      ]
    },
    "node_modules/@lorem-gibson/dictionary": {
      "resolved": "packages/dictionary",
      "link": true
    },
    "node_modules/@lorem-gibson/generator": {
      "resolved": "packages/generator",
      "link": true
    },
    "node_modules/@lorem-gibson/playwright-sanitizer": {
      "resolved": "packages/playwright-sanitizer",
      "link": true
    },
    "packages/dictionary": {
      "name": "@lorem-gibson/dictionary",
      "version": "1.0.0",
      "license": "MIT"
    },
    "packages/generator": {
      "name": "@lorem-gibson/generator",
      "version": "1.0.0",
      "license": "MIT",
      "dependencies": {
        "@lorem-gibson/dictionary": "*"
      },
      "bin": {
        "lorem-gibson": "bin/lorem-gibson.js"
      }
    },
    "packages/playwright-sanitizer": {
      "name": "@lorem-gibson/playwright-sanitizer",
      "version": "1.0.0",
      "license": "MIT",
      "dependencies": {
        "@lorem-gibson/dictionary": "*"
      },
      "peerDependencies": {
        "playwright": ">=1.30.0",
        "playwright-core": ">=1.30.0"
      },
      "peerDependenciesMeta": {
        "playwright": {
          "optional": true
        },
        "playwright-core": {
          "optional": true
        }
      }
    }
  }
}
